
Microsoft Visual Studio Solution File, Format Version 12.00
# Visual Studio Version 16
VisualStudioVersion = 16.0.32106.194
MinimumVisualStudioVersion = 10.0.40219.1
Project("{FAE04EC0-301F-11D3-BF4B-00C04F79EFBC}") = "AppWithAngular", "AppWithAngular.csproj", "{47FC4468-B474-4E88-8F32-C30CA3E1934E}"
EndProject
Project("{FAE04EC0-301F-11D3-BF4B-00C04F79EFBC}") = "Entites", "..\Entites\Entites.csproj", "{23CABEB6-3A45-4DB9-BDA7-EC608E563F68}"
EndProject
Project("{FAE04EC0-301F-11D3-BF4B-00C04F79EFBC}") = "Service", "..\Service\Service.csproj", "{E8BC788A-ABD4-448A-9551-68F6BF2B4B8E}"
EndProject
Global
	GlobalSection(SolutionConfigurationPlatforms) = preSolution
		Debug|Any CPU = Debug|Any CPU
		Release|Any CPU = Release|Any CPU
	EndGlobalSection
	GlobalSection(ProjectConfigurationPlatforms) = postSolution
		{47FC4468-B474-4E88-8F32-C30CA3E1934E}.Debug|Any CPU.ActiveCfg = Debug|Any CPU
		{47FC4468-B474-4E88-8F32-C30CA3E1934E}.Debug|Any CPU.Build.0 = Debug|Any CPU
		{47FC4468-B474-4E88-8F32-C30CA3E1934E}.Release|Any CPU.ActiveCfg = Release|Any CPU
		{47FC4468-B474-4E88-8F32-C30CA3E1934E}.Release|Any CPU.Build.0 = Release|Any CPU
		{23CABEB6-3A45-4DB9-BDA7-EC608E563F68}.Debug|Any CPU.ActiveCfg = Debug|Any CPU
		{23CABEB6-3A45-4DB9-BDA7-EC608E563F68}.Debug|Any CPU.Build.0 = Debug|Any CPU
		{23CABEB6-3A45-4DB9-BDA7-EC608E563F68}.Release|Any CPU.ActiveCfg = Release|Any CPU
		{23CABEB6-3A45-4DB9-BDA7-EC608E563F68}.Release|Any CPU.Build.0 = Release|Any CPU
		{E8BC788A-ABD4-448A-9551-68F6BF2B4B8E}.Debug|Any CPU.ActiveCfg = Debug|Any CPU
		{E8BC788A-ABD4-448A-9551-68F6BF2B4B8E}.Debug|Any CPU.Build.0 = Debug|Any CPU
		{E8BC788A-ABD4-448A-9551-68F6BF2B4B8E}.Release|Any CPU.ActiveCfg = Release|Any CPU
		{E8BC788A-ABD4-448A-9551-68F6BF2B4B8E}.Release|Any CPU.Build.0 = Release|Any CPU
	EndGlobalSection
	GlobalSection(SolutionProperties) = preSolution
		HideSolutionNode = FALSE
	EndGlobalSection
	GlobalSection(ExtensibilityGlobals) = postSolution
		SolutionGuid = {D5B98A0D-F28C-42FF-B0C9-23CE44E1764B}
	EndGlobalSection
EndGlobal
